
Microsoft Visual Studio Solution File, Format Version 12.00
# Visual Studio Version 16
VisualStudioVersion = 16.0.30804.86
MinimumVisualStudioVersion = 10.0.40219.1
Project("{FAE04EC0-301F-11D3-BF4B-00C04F79EFBC}") = "AdministrativeDocumentApi", "AdministrativeDocumentApi\AdministrativeDocumentApi.csproj", "{CA82F30A-BD15-4678-B220-1A426A36468E}"
EndProject
Global
	GlobalSection(SolutionConfigurationPlatforms) = preSolution
		Debug|Any CPU = Debug|Any CPU
		Release|Any CPU = Release|Any CPU
	EndGlobalSection
	GlobalSection(ProjectConfigurationPlatforms) = postSolution
		{CA82F30A-BD15-4678-B220-1A426A36468E}.Debug|Any CPU.ActiveCfg = Debug|Any CPU
		{CA82F30A-BD15-4678-B220-1A426A36468E}.Debug|Any CPU.Build.0 = Debug|Any CPU
		{CA82F30A-BD15-4678-B220-1A426A36468E}.Release|Any CPU.ActiveCfg = Release|Any CPU
		{CA82F30A-BD15-4678-B220-1A426A36468E}.Release|Any CPU.Build.0 = Release|Any CPU
	EndGlobalSection
	GlobalSection(SolutionProperties) = preSolution
		HideSolutionNode = FALSE
	EndGlobalSection
	GlobalSection(ExtensibilityGlobals) = postSolution
		SolutionGuid = {F989429B-A636-4D25-8182-E862E9DBEDA7}
	EndGlobalSection
EndGlobal
